
Microsoft Visual Studio Solution File, Format Version 12.00
# Visual Studio Version 17
VisualStudioVersion = 17.11.35208.52
MinimumVisualStudioVersion = 10.0.40219.1
Project("{9A19103F-16F7-4668-BE54-9A1E7A4F7556}") = "Piper Health", "Piper Health\Piper Health.csproj", "{BA98A003-6948-4A2F-92F1-EB965D664A54}"
EndProject
Global
	GlobalSection(SolutionConfigurationPlatforms) = preSolution
		Debug|Any CPU = Debug|Any CPU
		Release|Any CPU = Release|Any CPU
	EndGlobalSection
	GlobalSection(ProjectConfigurationPlatforms) = postSolution
		{BA98A003-6948-4A2F-92F1-EB965D664A54}.Debug|Any CPU.ActiveCfg = Debug|Any CPU
		{BA98A003-6948-4A2F-92F1-EB965D664A54}.Debug|Any CPU.Build.0 = Debug|Any CPU
		{BA98A003-6948-4A2F-92F1-EB965D664A54}.Debug|Any CPU.Deploy.0 = Debug|Any CPU
		{BA98A003-6948-4A2F-92F1-EB965D664A54}.Release|Any CPU.ActiveCfg = Release|Any CPU
		{BA98A003-6948-4A2F-92F1-EB965D664A54}.Release|Any CPU.Build.0 = Release|Any CPU
		{BA98A003-6948-4A2F-92F1-EB965D664A54}.Release|Any CPU.Deploy.0 = Release|Any CPU
	EndGlobalSection
	GlobalSection(SolutionProperties) = preSolution
		HideSolutionNode = FALSE
	EndGlobalSection
	GlobalSection(ExtensibilityGlobals) = postSolution
		SolutionGuid = {97883235-8DA1-45DC-AC41-D9A4D08AB6B2}
	EndGlobalSection
EndGlobal
